
Microsoft Visual Studio Solution File, Format Version 12.00
# Visual Studio Version 17
VisualStudioVersion = 17.12.35527.113 d17.12
MinimumVisualStudioVersion = 10.0.40219.1
Project("{FAE04EC0-301F-11D3-BF4B-00C04F79EFBC}") = "Library Book Tracker", "Library Book Tracker\Library Book Tracker.csproj", "{01A31857-EDC5-4014-A011-E4A2A140024E}"
EndProject
Project("{FAE04EC0-301F-11D3-BF4B-00C04F79EFBC}") = "BLL", "BLL\BLL.csproj", "{B1954A88-8163-4ED2-86FA-D0EA523517D3}"
EndProject
Project("{FAE04EC0-301F-11D3-BF4B-00C04F79EFBC}") = "DAL", "DAL\DAL.csproj", "{9BCFB393-C15B-4475-A92D-E72587F365D3}"
EndProject
Global
	GlobalSection(SolutionConfigurationPlatforms) = preSolution
		Debug|Any CPU = Debug|Any CPU
		Release|Any CPU = Release|Any CPU
	EndGlobalSection
	GlobalSection(ProjectConfigurationPlatforms) = postSolution
		{01A31857-EDC5-4014-A011-E4A2A140024E}.Debug|Any CPU.ActiveCfg = Debug|Any CPU
		{01A31857-EDC5-4014-A011-E4A2A140024E}.Debug|Any CPU.Build.0 = Debug|Any CPU
		{01A31857-EDC5-4014-A011-E4A2A140024E}.Release|Any CPU.ActiveCfg = Release|Any CPU
		{01A31857-EDC5-4014-A011-E4A2A140024E}.Release|Any CPU.Build.0 = Release|Any CPU
		{B1954A88-8163-4ED2-86FA-D0EA523517D3}.Debug|Any CPU.ActiveCfg = Debug|Any CPU
		{B1954A88-8163-4ED2-86FA-D0EA523517D3}.Debug|Any CPU.Build.0 = Debug|Any CPU
		{B1954A88-8163-4ED2-86FA-D0EA523517D3}.Release|Any CPU.ActiveCfg = Release|Any CPU
		{B1954A88-8163-4ED2-86FA-D0EA523517D3}.Release|Any CPU.Build.0 = Release|Any CPU
		{9BCFB393-C15B-4475-A92D-E72587F365D3}.Debug|Any CPU.ActiveCfg = Debug|Any CPU
		{9BCFB393-C15B-4475-A92D-E72587F365D3}.Debug|Any CPU.Build.0 = Debug|Any CPU
		{9BCFB393-C15B-4475-A92D-E72587F365D3}.Release|Any CPU.ActiveCfg = Release|Any CPU
		{9BCFB393-C15B-4475-A92D-E72587F365D3}.Release|Any CPU.Build.0 = Release|Any CPU
	EndGlobalSection
	GlobalSection(SolutionProperties) = preSolution
		HideSolutionNode = FALSE
	EndGlobalSection
EndGlobal
