
Microsoft Visual Studio Solution File, Format Version 12.00
# Visual Studio Version 17
VisualStudioVersion = 17.12.35527.113 d17.12
MinimumVisualStudioVersion = 10.0.40219.1
Project("{FAE04EC0-301F-11D3-BF4B-00C04F79EFBC}") = "WebApi_Crud", "WebApi_Crud\WebApi_Crud.csproj", "{37B78266-F145-45E0-A432-034AF4C6D1C3}"
EndProject
Global
	GlobalSection(SolutionConfigurationPlatforms) = preSolution
		Debug|Any CPU = Debug|Any CPU
		Release|Any CPU = Release|Any CPU
	EndGlobalSection
	GlobalSection(ProjectConfigurationPlatforms) = postSolution
		{37B78266-F145-45E0-A432-034AF4C6D1C3}.Debug|Any CPU.ActiveCfg = Debug|Any CPU
		{37B78266-F145-45E0-A432-034AF4C6D1C3}.Debug|Any CPU.Build.0 = Debug|Any CPU
		{37B78266-F145-45E0-A432-034AF4C6D1C3}.Release|Any CPU.ActiveCfg = Release|Any CPU
		{37B78266-F145-45E0-A432-034AF4C6D1C3}.Release|Any CPU.Build.0 = Release|Any CPU
	EndGlobalSection
	GlobalSection(SolutionProperties) = preSolution
		HideSolutionNode = FALSE
	EndGlobalSection
EndGlobal
