
Microsoft Visual Studio Solution File, Format Version 12.00
# Visual Studio Version 17
VisualStudioVersion = 17.11.35327.3
MinimumVisualStudioVersion = 10.0.40219.1
Project("{FAE04EC0-301F-11D3-BF4B-00C04F79EFBC}") = "BulkyApp", "BulkyApp\BulkyApp.csproj", "{A44A34FE-C85E-4270-A0A0-4BDC80D3AD26}"
EndProject
Global
	GlobalSection(SolutionConfigurationPlatforms) = preSolution
		Debug|Any CPU = Debug|Any CPU
		Release|Any CPU = Release|Any CPU
	EndGlobalSection
	GlobalSection(ProjectConfigurationPlatforms) = postSolution
		{A44A34FE-C85E-4270-A0A0-4BDC80D3AD26}.Debug|Any CPU.ActiveCfg = Debug|Any CPU
		{A44A34FE-C85E-4270-A0A0-4BDC80D3AD26}.Debug|Any CPU.Build.0 = Debug|Any CPU
		{A44A34FE-C85E-4270-A0A0-4BDC80D3AD26}.Release|Any CPU.ActiveCfg = Release|Any CPU
		{A44A34FE-C85E-4270-A0A0-4BDC80D3AD26}.Release|Any CPU.Build.0 = Release|Any CPU
	EndGlobalSection
	GlobalSection(SolutionProperties) = preSolution
		HideSolutionNode = FALSE
	EndGlobalSection
	GlobalSection(ExtensibilityGlobals) = postSolution
		SolutionGuid = {62FCD407-7893-4961-9EBE-FE785C8390A9}
	EndGlobalSection
EndGlobal
